
Microsoft Visual Studio Solution File, Format Version 12.00
# Visual Studio Version 16
VisualStudioVersion = 16.0.29509.3
MinimumVisualStudioVersion = 10.0.40219.1
Project("{2150E333-8FDC-42A3-9474-1A3956D46DE8}") = "01 Model", "01 Model", "{806BAFF0-AE16-40B8-A7B0-A0D32FB28F3A}"
EndProject
Project("{2150E333-8FDC-42A3-9474-1A3956D46DE8}") = "02 Tools", "02 Tools", "{D2585A2A-116B-4C17-A8F8-1337F7675EBA}"
EndProject
Project("{2150E333-8FDC-42A3-9474-1A3956D46DE8}") = "03 Util", "03 Util", "{56B02A53-BB89-464B-860B-B9FF6DAD954A}"
EndProject
Project("{2150E333-8FDC-42A3-9474-1A3956D46DE8}") = "04 Respository", "04 Respository", "{4AB57240-5DD9-4665-947E-B42D43A79EB1}"
EndProject
Project("{2150E333-8FDC-42A3-9474-1A3956D46DE8}") = "05 Server", "05 Server", "{FCE1602F-8543-4346-95FA-B09BEFEA4A52}"
EndProject
Project("{2150E333-8FDC-42A3-9474-1A3956D46DE8}") = "06 Controller", "06 Controller", "{4D80AA04-4672-4DA4-9D1B-E109D6FB8D6F}"
EndProject
Project("{2150E333-8FDC-42A3-9474-1A3956D46DE8}") = "07 Client", "07 Client", "{9E14990B-F866-4335-9A00-F5B09EDF7F02}"
EndProject
Project("{2150E333-8FDC-42A3-9474-1A3956D46DE8}") = "99 Test", "99 Test", "{9BF8DFDD-AA43-4544-B203-F61C587B8C37}"
EndProject
Project("{FAE04EC0-301F-11D3-BF4B-00C04F79EFBC}") = "Huawei.SCOM.ESightPlugin.Const", "Model\Huawei.SCOM.ESightPlugin.Const\Huawei.SCOM.ESightPlugin.Const.csproj", "{74C9B977-A729-47D0-8E18-5D00B3B6B553}"
EndProject
Project("{FAE04EC0-301F-11D3-BF4B-00C04F79EFBC}") = "Huawei.SCOM.ESightPlugin.Models", "Model\Huawei.SCOM.ESightPlugin.Models\Huawei.SCOM.ESightPlugin.Models.csproj", "{E8B06327-7335-4D9D-93A7-7B95C0D35979}"
EndProject
Project("{FAE04EC0-301F-11D3-BF4B-00C04F79EFBC}") = "CommonUtil", "Util\CommonUtil\CommonUtil.csproj", "{C79A21BF-E869-4B93-A787-67B1D4231C02}"
EndProject
Project("{FAE04EC0-301F-11D3-BF4B-00C04F79EFBC}") = "Huawei.SCOM.ESightPlugin.Core", "Server\Huawei.SCOM.ESightPlugin.Core\Huawei.SCOM.ESightPlugin.Core.csproj", "{A7FE7211-8D01-49D4-88E5-16C0A9ABF9B5}"
EndProject
Project("{FAE04EC0-301F-11D3-BF4B-00C04F79EFBC}") = "Huawei.SCOM.ESightPlugin.RESTeSightLib", "Controller\Huawei.SCOM.ESightPlugin.RESTeSightLib\Huawei.SCOM.ESightPlugin.RESTeSightLib.csproj", "{5C1C1DE2-3507-4557-8B83-1321646FCF9D}"
EndProject
Project("{FAE04EC0-301F-11D3-BF4B-00C04F79EFBC}") = "Huawei.SCOM.ESightPlugin.Service", "Server\Huawei.SCOM.ESightPlugin.Service\Huawei.SCOM.ESightPlugin.Service.csproj", "{997F9589-52D3-4124-8319-CB47E5BD8F55}"
EndProject
Project("{D4B43EB3-688B-4EEE-86BD-088F0B28ABB3}") = "ESight.View.Library", "Client\ESight.View.Library\ESight.View.Library.mpproj", "{F09AD7EE-BEAF-41C8-B349-5F16784F2A3B}"
EndProject
Project("{D4B43EB3-688B-4EEE-86BD-088F0B28ABB3}") = "ESight.BladeServer", "Client\ESight.BladeServer\ESight.BladeServer.mpproj", "{82226B60-AF9B-432B-AA43-EA4DE7628D85}"
EndProject
Project("{FAE04EC0-301F-11D3-BF4B-00C04F79EFBC}") = "ESightPlugin.TestClient", "Server\ESightPlugin.TestClient\ESightPlugin.TestClient.csproj", "{4DB505DA-2C8F-4589-8465-4A957F13AD3E}"
EndProject
Project("{D4B43EB3-688B-4EEE-86BD-088F0B28ABB3}") = "ESight.HighdensityServer", "Client\ESight.HighDensityServer\ESight.HighdensityServer.mpproj", "{ECC99BFB-7E23-4570-A475-21D8A7F1A25F}"
EndProject
Project("{D4B43EB3-688B-4EEE-86BD-088F0B28ABB3}") = "ESight.RackServer", "Client\ESight.RackServer\ESight.RackServer.mpproj", "{A8D88257-E59F-47C2-B856-C5391D2C2AA1}"
EndProject
Project("{FAE04EC0-301F-11D3-BF4B-00C04F79EFBC}") = "Huawei.SCOM.ESightPlugin.WebServer", "Server\Huawei.SCOM.ESightPlugin.WebServer\Huawei.SCOM.ESightPlugin.WebServer.csproj", "{70EE3594-008A-404B-B5F6-FE6CD233577D}"
EndProject
Project("{FAE04EC0-301F-11D3-BF4B-00C04F79EFBC}") = "Huawei.SCOM.ESightPlugin.PackageHelper", "Server\Huawei.SCOM.ESightPlugin.PackageHelper\Huawei.SCOM.ESightPlugin.PackageHelper.csproj", "{7D745E98-5A8F-4FC3-92DE-B26A49120C50}"
EndProject
Project("{D4B43EB3-688B-4EEE-86BD-088F0B28ABB3}") = "ESight.KunLunServer", "Client\ESight.KunLunServer\ESight.KunLunServer.mpproj", "{2ED6F522-EA68-4B66-AA84-AF6FE44213F1}"
EndProject
Project("{FAE04EC0-301F-11D3-BF4B-00C04F79EFBC}") = "Huawei.SCOM.ESightPlugin.LogUtil", "Util\LogUtil\Huawei.SCOM.ESightPlugin.LogUtil.csproj", "{951D9438-9E64-4CA7-B793-033DC536B9B6}"
EndProject
Project("{2150E333-8FDC-42A3-9474-1A3956D46DE8}") = "08 View", "08 View", "{06573B22-9A51-4018-8CAE-B410E06994B8}"
EndProject
Project("{FAE04EC0-301F-11D3-BF4B-00C04F79EFBC}") = "Huawei.SCOM.ESightPlugin.ViewLib", "View\Huawei.SCOM.ESightPlugin.ViewLib\Huawei.SCOM.ESightPlugin.ViewLib.csproj", "{7CA4B7D8-ECAE-48D7-936D-1E896A85AC71}"
EndProject
Project("{D4B43EB3-688B-4EEE-86BD-088F0B28ABB3}") = "ESight.Dashboard", "Client\ESight.Dashboard\ESight.Dashboard.mpproj", "{F08FF558-02AA-46A0-BC16-8636F94FB160}"
EndProject
Global
	GlobalSection(SolutionConfigurationPlatforms) = preSolution
		Debug|Any CPU = Debug|Any CPU
		Debug|x64 = Debug|x64
		Debug|x86 = Debug|x86
		prod|Any CPU = prod|Any CPU
		prod|x64 = prod|x64
		prod|x86 = prod|x86
		Release|Any CPU = Release|Any CPU
		Release|x64 = Release|x64
		Release|x86 = Release|x86
	EndGlobalSection
	GlobalSection(ProjectConfigurationPlatforms) = postSolution
		{74C9B977-A729-47D0-8E18-5D00B3B6B553}.Debug|Any CPU.ActiveCfg = Debug|Any CPU
		{74C9B977-A729-47D0-8E18-5D00B3B6B553}.Debug|Any CPU.Build.0 = Debug|Any CPU
		{74C9B977-A729-47D0-8E18-5D00B3B6B553}.Debug|x64.ActiveCfg = Debug|x64
		{74C9B977-A729-47D0-8E18-5D00B3B6B553}.Debug|x64.Build.0 = Debug|x64
		{74C9B977-A729-47D0-8E18-5D00B3B6B553}.Debug|x86.ActiveCfg = Debug|x86
		{74C9B977-A729-47D0-8E18-5D00B3B6B553}.Debug|x86.Build.0 = Debug|x86
		{74C9B977-A729-47D0-8E18-5D00B3B6B553}.prod|Any CPU.ActiveCfg = prod|Any CPU
		{74C9B977-A729-47D0-8E18-5D00B3B6B553}.prod|Any CPU.Build.0 = prod|Any CPU
		{74C9B977-A729-47D0-8E18-5D00B3B6B553}.prod|x64.ActiveCfg = prod|Any CPU
		{74C9B977-A729-47D0-8E18-5D00B3B6B553}.prod|x64.Build.0 = prod|Any CPU
		{74C9B977-A729-47D0-8E18-5D00B3B6B553}.prod|x86.ActiveCfg = Release|x86
		{74C9B977-A729-47D0-8E18-5D00B3B6B553}.prod|x86.Build.0 = Release|x86
		{74C9B977-A729-47D0-8E18-5D00B3B6B553}.Release|Any CPU.ActiveCfg = Release|Any CPU
		{74C9B977-A729-47D0-8E18-5D00B3B6B553}.Release|Any CPU.Build.0 = Release|Any CPU
		{74C9B977-A729-47D0-8E18-5D00B3B6B553}.Release|x64.ActiveCfg = Release|Any CPU
		{74C9B977-A729-47D0-8E18-5D00B3B6B553}.Release|x64.Build.0 = Release|Any CPU
		{74C9B977-A729-47D0-8E18-5D00B3B6B553}.Release|x86.ActiveCfg = Release|x86
		{74C9B977-A729-47D0-8E18-5D00B3B6B553}.Release|x86.Build.0 = Release|x86
		{E8B06327-7335-4D9D-93A7-7B95C0D35979}.Debug|Any CPU.ActiveCfg = Debug|Any CPU
		{E8B06327-7335-4D9D-93A7-7B95C0D35979}.Debug|Any CPU.Build.0 = Debug|Any CPU
		{E8B06327-7335-4D9D-93A7-7B95C0D35979}.Debug|x64.ActiveCfg = Debug|x64
		{E8B06327-7335-4D9D-93A7-7B95C0D35979}.Debug|x64.Build.0 = Debug|x64
		{E8B06327-7335-4D9D-93A7-7B95C0D35979}.Debug|x86.ActiveCfg = Debug|x86
		{E8B06327-7335-4D9D-93A7-7B95C0D35979}.Debug|x86.Build.0 = Debug|x86
		{E8B06327-7335-4D9D-93A7-7B95C0D35979}.prod|Any CPU.ActiveCfg = prod|Any CPU
		{E8B06327-7335-4D9D-93A7-7B95C0D35979}.prod|Any CPU.Build.0 = prod|Any CPU
		{E8B06327-7335-4D9D-93A7-7B95C0D35979}.prod|x64.ActiveCfg = prod|Any CPU
		{E8B06327-7335-4D9D-93A7-7B95C0D35979}.prod|x64.Build.0 = prod|Any CPU
		{E8B06327-7335-4D9D-93A7-7B95C0D35979}.prod|x86.ActiveCfg = Release|x86
		{E8B06327-7335-4D9D-93A7-7B95C0D35979}.prod|x86.Build.0 = Release|x86
		{E8B06327-7335-4D9D-93A7-7B95C0D35979}.Release|Any CPU.ActiveCfg = Release|Any CPU
		{E8B06327-7335-4D9D-93A7-7B95C0D35979}.Release|Any CPU.Build.0 = Release|Any CPU
		{E8B06327-7335-4D9D-93A7-7B95C0D35979}.Release|x64.ActiveCfg = Release|Any CPU
		{E8B06327-7335-4D9D-93A7-7B95C0D35979}.Release|x64.Build.0 = Release|Any CPU
		{E8B06327-7335-4D9D-93A7-7B95C0D35979}.Release|x86.ActiveCfg = Release|x86
		{E8B06327-7335-4D9D-93A7-7B95C0D35979}.Release|x86.Build.0 = Release|x86
		{C79A21BF-E869-4B93-A787-67B1D4231C02}.Debug|Any CPU.ActiveCfg = Debug|x64
		{C79A21BF-E869-4B93-A787-67B1D4231C02}.Debug|Any CPU.Build.0 = Debug|x64
		{C79A21BF-E869-4B93-A787-67B1D4231C02}.Debug|x64.ActiveCfg = Debug|x64
		{C79A21BF-E869-4B93-A787-67B1D4231C02}.Debug|x64.Build.0 = Debug|x64
		{C79A21BF-E869-4B93-A787-67B1D4231C02}.Debug|x86.ActiveCfg = Debug|x86
		{C79A21BF-E869-4B93-A787-67B1D4231C02}.Debug|x86.Build.0 = Debug|x86
		{C79A21BF-E869-4B93-A787-67B1D4231C02}.prod|Any CPU.ActiveCfg = prod|Any CPU
		{C79A21BF-E869-4B93-A787-67B1D4231C02}.prod|Any CPU.Build.0 = prod|Any CPU
		{C79A21BF-E869-4B93-A787-67B1D4231C02}.prod|x64.ActiveCfg = prod|x64
		{C79A21BF-E869-4B93-A787-67B1D4231C02}.prod|x64.Build.0 = prod|x64
		{C79A21BF-E869-4B93-A787-67B1D4231C02}.prod|x86.ActiveCfg = Release|x86
		{C79A21BF-E869-4B93-A787-67B1D4231C02}.prod|x86.Build.0 = Release|x86
		{C79A21BF-E869-4B93-A787-67B1D4231C02}.Release|Any CPU.ActiveCfg = Release|Any CPU
		{C79A21BF-E869-4B93-A787-67B1D4231C02}.Release|Any CPU.Build.0 = Release|Any CPU
		{C79A21BF-E869-4B93-A787-67B1D4231C02}.Release|x64.ActiveCfg = Release|x64
		{C79A21BF-E869-4B93-A787-67B1D4231C02}.Release|x64.Build.0 = Release|x64
		{C79A21BF-E869-4B93-A787-67B1D4231C02}.Release|x86.ActiveCfg = Release|x86
		{C79A21BF-E869-4B93-A787-67B1D4231C02}.Release|x86.Build.0 = Release|x86
		{A7FE7211-8D01-49D4-88E5-16C0A9ABF9B5}.Debug|Any CPU.ActiveCfg = Debug|Any CPU
		{A7FE7211-8D01-49D4-88E5-16C0A9ABF9B5}.Debug|Any CPU.Build.0 = Debug|Any CPU
		{A7FE7211-8D01-49D4-88E5-16C0A9ABF9B5}.Debug|x64.ActiveCfg = Debug|x64
		{A7FE7211-8D01-49D4-88E5-16C0A9ABF9B5}.Debug|x64.Build.0 = Debug|x64
		{A7FE7211-8D01-49D4-88E5-16C0A9ABF9B5}.Debug|x86.ActiveCfg = Debug|x86
		{A7FE7211-8D01-49D4-88E5-16C0A9ABF9B5}.Debug|x86.Build.0 = Debug|x86
		{A7FE7211-8D01-49D4-88E5-16C0A9ABF9B5}.prod|Any CPU.ActiveCfg = Release|Any CPU
		{A7FE7211-8D01-49D4-88E5-16C0A9ABF9B5}.prod|Any CPU.Build.0 = Release|Any CPU
		{A7FE7211-8D01-49D4-88E5-16C0A9ABF9B5}.prod|x64.ActiveCfg = Release|Any CPU
		{A7FE7211-8D01-49D4-88E5-16C0A9ABF9B5}.prod|x64.Build.0 = Release|Any CPU
		{A7FE7211-8D01-49D4-88E5-16C0A9ABF9B5}.prod|x86.ActiveCfg = Release|x86
		{A7FE7211-8D01-49D4-88E5-16C0A9ABF9B5}.prod|x86.Build.0 = Release|x86
		{A7FE7211-8D01-49D4-88E5-16C0A9ABF9B5}.Release|Any CPU.ActiveCfg = Release|Any CPU
		{A7FE7211-8D01-49D4-88E5-16C0A9ABF9B5}.Release|Any CPU.Build.0 = Release|Any CPU
		{A7FE7211-8D01-49D4-88E5-16C0A9ABF9B5}.Release|x64.ActiveCfg = Release|Any CPU
		{A7FE7211-8D01-49D4-88E5-16C0A9ABF9B5}.Release|x64.Build.0 = Release|Any CPU
		{A7FE7211-8D01-49D4-88E5-16C0A9ABF9B5}.Release|x86.ActiveCfg = Release|x86
		{A7FE7211-8D01-49D4-88E5-16C0A9ABF9B5}.Release|x86.Build.0 = Release|x86
		{5C1C1DE2-3507-4557-8B83-1321646FCF9D}.Debug|Any CPU.ActiveCfg = Debug|Any CPU
		{5C1C1DE2-3507-4557-8B83-1321646FCF9D}.Debug|Any CPU.Build.0 = Debug|Any CPU
		{5C1C1DE2-3507-4557-8B83-1321646FCF9D}.Debug|x64.ActiveCfg = Debug|x64
		{5C1C1DE2-3507-4557-8B83-1321646FCF9D}.Debug|x64.Build.0 = Debug|x64
		{5C1C1DE2-3507-4557-8B83-1321646FCF9D}.Debug|x86.ActiveCfg = Debug|x86
		{5C1C1DE2-3507-4557-8B83-1321646FCF9D}.Debug|x86.Build.0 = Debug|x86
		{5C1C1DE2-3507-4557-8B83-1321646FCF9D}.prod|Any CPU.ActiveCfg = prod|Any CPU
		{5C1C1DE2-3507-4557-8B83-1321646FCF9D}.prod|Any CPU.Build.0 = prod|Any CPU
		{5C1C1DE2-3507-4557-8B83-1321646FCF9D}.prod|x64.ActiveCfg = prod|Any CPU
		{5C1C1DE2-3507-4557-8B83-1321646FCF9D}.prod|x64.Build.0 = prod|Any CPU
		{5C1C1DE2-3507-4557-8B83-1321646FCF9D}.prod|x86.ActiveCfg = Release|x86
		{5C1C1DE2-3507-4557-8B83-1321646FCF9D}.prod|x86.Build.0 = Release|x86
		{5C1C1DE2-3507-4557-8B83-1321646FCF9D}.Release|Any CPU.ActiveCfg = Release|Any CPU
		{5C1C1DE2-3507-4557-8B83-1321646FCF9D}.Release|Any CPU.Build.0 = Release|Any CPU
		{5C1C1DE2-3507-4557-8B83-1321646FCF9D}.Release|x64.ActiveCfg = Release|Any CPU
		{5C1C1DE2-3507-4557-8B83-1321646FCF9D}.Release|x64.Build.0 = Release|Any CPU
		{5C1C1DE2-3507-4557-8B83-1321646FCF9D}.Release|x86.ActiveCfg = Release|x86
		{5C1C1DE2-3507-4557-8B83-1321646FCF9D}.Release|x86.Build.0 = Release|x86
		{997F9589-52D3-4124-8319-CB47E5BD8F55}.Debug|Any CPU.ActiveCfg = Debug|Any CPU
		{997F9589-52D3-4124-8319-CB47E5BD8F55}.Debug|Any CPU.Build.0 = Debug|Any CPU
		{997F9589-52D3-4124-8319-CB47E5BD8F55}.Debug|x64.ActiveCfg = Debug|x64
		{997F9589-52D3-4124-8319-CB47E5BD8F55}.Debug|x64.Build.0 = Debug|x64
		{997F9589-52D3-4124-8319-CB47E5BD8F55}.Debug|x86.ActiveCfg = Debug|x86
		{997F9589-52D3-4124-8319-CB47E5BD8F55}.Debug|x86.Build.0 = Debug|x86
		{997F9589-52D3-4124-8319-CB47E5BD8F55}.prod|Any CPU.ActiveCfg = Release|Any CPU
		{997F9589-52D3-4124-8319-CB47E5BD8F55}.prod|Any CPU.Build.0 = Release|Any CPU
		{997F9589-52D3-4124-8319-CB47E5BD8F55}.prod|x64.ActiveCfg = Release|Any CPU
		{997F9589-52D3-4124-8319-CB47E5BD8F55}.prod|x64.Build.0 = Release|Any CPU
		{997F9589-52D3-4124-8319-CB47E5BD8F55}.prod|x86.ActiveCfg = Release|x86
		{997F9589-52D3-4124-8319-CB47E5BD8F55}.prod|x86.Build.0 = Release|x86
		{997F9589-52D3-4124-8319-CB47E5BD8F55}.Release|Any CPU.ActiveCfg = Release|Any CPU
		{997F9589-52D3-4124-8319-CB47E5BD8F55}.Release|Any CPU.Build.0 = Release|Any CPU
		{997F9589-52D3-4124-8319-CB47E5BD8F55}.Release|x64.ActiveCfg = Release|Any CPU
		{997F9589-52D3-4124-8319-CB47E5BD8F55}.Release|x64.Build.0 = Release|Any CPU
		{997F9589-52D3-4124-8319-CB47E5BD8F55}.Release|x86.ActiveCfg = Release|x86
		{997F9589-52D3-4124-8319-CB47E5BD8F55}.Release|x86.Build.0 = Release|x86
		{F09AD7EE-BEAF-41C8-B349-5F16784F2A3B}.Debug|Any CPU.ActiveCfg = Debug|x86
		{F09AD7EE-BEAF-41C8-B349-5F16784F2A3B}.Debug|x64.ActiveCfg = Debug|x86
		{F09AD7EE-BEAF-41C8-B349-5F16784F2A3B}.Debug|x86.ActiveCfg = Debug|x86
		{F09AD7EE-BEAF-41C8-B349-5F16784F2A3B}.Debug|x86.Build.0 = Debug|x86
		{F09AD7EE-BEAF-41C8-B349-5F16784F2A3B}.prod|Any CPU.ActiveCfg = Release|x86
		{F09AD7EE-BEAF-41C8-B349-5F16784F2A3B}.prod|Any CPU.Build.0 = Release|x86
		{F09AD7EE-BEAF-41C8-B349-5F16784F2A3B}.prod|x64.ActiveCfg = Release|x86
		{F09AD7EE-BEAF-41C8-B349-5F16784F2A3B}.prod|x64.Build.0 = Release|x86
		{F09AD7EE-BEAF-41C8-B349-5F16784F2A3B}.prod|x86.ActiveCfg = Release|x86
		{F09AD7EE-BEAF-41C8-B349-5F16784F2A3B}.prod|x86.Build.0 = Release|x86
		{F09AD7EE-BEAF-41C8-B349-5F16784F2A3B}.Release|Any CPU.ActiveCfg = Release|x86
		{F09AD7EE-BEAF-41C8-B349-5F16784F2A3B}.Release|Any CPU.Build.0 = Release|x86
		{F09AD7EE-BEAF-41C8-B349-5F16784F2A3B}.Release|x64.ActiveCfg = Release|x86
		{F09AD7EE-BEAF-41C8-B349-5F16784F2A3B}.Release|x86.ActiveCfg = Release|x86
		{F09AD7EE-BEAF-41C8-B349-5F16784F2A3B}.Release|x86.Build.0 = Release|x86
		{82226B60-AF9B-432B-AA43-EA4DE7628D85}.Debug|Any CPU.ActiveCfg = Debug|x86
		{82226B60-AF9B-432B-AA43-EA4DE7628D85}.Debug|x64.ActiveCfg = Debug|x86
		{82226B60-AF9B-432B-AA43-EA4DE7628D85}.Debug|x86.ActiveCfg = Debug|x86
		{82226B60-AF9B-432B-AA43-EA4DE7628D85}.Debug|x86.Build.0 = Debug|x86
		{82226B60-AF9B-432B-AA43-EA4DE7628D85}.prod|Any CPU.ActiveCfg = Release|x86
		{82226B60-AF9B-432B-AA43-EA4DE7628D85}.prod|Any CPU.Build.0 = Release|x86
		{82226B60-AF9B-432B-AA43-EA4DE7628D85}.prod|x64.ActiveCfg = Release|x86
		{82226B60-AF9B-432B-AA43-EA4DE7628D85}.prod|x64.Build.0 = Release|x86
		{82226B60-AF9B-432B-AA43-EA4DE7628D85}.prod|x86.ActiveCfg = Release|x86
		{82226B60-AF9B-432B-AA43-EA4DE7628D85}.prod|x86.Build.0 = Release|x86
		{82226B60-AF9B-432B-AA43-EA4DE7628D85}.Release|Any CPU.ActiveCfg = Release|x86
		{82226B60-AF9B-432B-AA43-EA4DE7628D85}.Release|Any CPU.Build.0 = Release|x86
		{82226B60-AF9B-432B-AA43-EA4DE7628D85}.Release|x64.ActiveCfg = Release|x86
		{82226B60-AF9B-432B-AA43-EA4DE7628D85}.Release|x86.ActiveCfg = Release|x86
		{82226B60-AF9B-432B-AA43-EA4DE7628D85}.Release|x86.Build.0 = Release|x86
		{4DB505DA-2C8F-4589-8465-4A957F13AD3E}.Debug|Any CPU.ActiveCfg = Debug|Any CPU
		{4DB505DA-2C8F-4589-8465-4A957F13AD3E}.Debug|Any CPU.Build.0 = Debug|Any CPU
		{4DB505DA-2C8F-4589-8465-4A957F13AD3E}.Debug|x64.ActiveCfg = Debug|x64
		{4DB505DA-2C8F-4589-8465-4A957F13AD3E}.Debug|x64.Build.0 = Debug|x64
		{4DB505DA-2C8F-4589-8465-4A957F13AD3E}.Debug|x86.ActiveCfg = Debug|x86
		{4DB505DA-2C8F-4589-8465-4A957F13AD3E}.Debug|x86.Build.0 = Debug|x86
		{4DB505DA-2C8F-4589-8465-4A957F13AD3E}.prod|Any CPU.ActiveCfg = Release|Any CPU
		{4DB505DA-2C8F-4589-8465-4A957F13AD3E}.prod|Any CPU.Build.0 = Release|Any CPU
		{4DB505DA-2C8F-4589-8465-4A957F13AD3E}.prod|x64.ActiveCfg = Release|Any CPU
		{4DB505DA-2C8F-4589-8465-4A957F13AD3E}.prod|x64.Build.0 = Release|Any CPU
		{4DB505DA-2C8F-4589-8465-4A957F13AD3E}.prod|x86.ActiveCfg = Release|x86
		{4DB505DA-2C8F-4589-8465-4A957F13AD3E}.prod|x86.Build.0 = Release|x86
		{4DB505DA-2C8F-4589-8465-4A957F13AD3E}.Release|Any CPU.ActiveCfg = Release|Any CPU
		{4DB505DA-2C8F-4589-8465-4A957F13AD3E}.Release|Any CPU.Build.0 = Release|Any CPU
		{4DB505DA-2C8F-4589-8465-4A957F13AD3E}.Release|x64.ActiveCfg = Release|Any CPU
		{4DB505DA-2C8F-4589-8465-4A957F13AD3E}.Release|x64.Build.0 = Release|Any CPU
		{4DB505DA-2C8F-4589-8465-4A957F13AD3E}.Release|x86.ActiveCfg = Release|x86
		{4DB505DA-2C8F-4589-8465-4A957F13AD3E}.Release|x86.Build.0 = Release|x86
		{ECC99BFB-7E23-4570-A475-21D8A7F1A25F}.Debug|Any CPU.ActiveCfg = Debug|x86
		{ECC99BFB-7E23-4570-A475-21D8A7F1A25F}.Debug|x64.ActiveCfg = Debug|x86
		{ECC99BFB-7E23-4570-A475-21D8A7F1A25F}.Debug|x86.ActiveCfg = Debug|x86
		{ECC99BFB-7E23-4570-A475-21D8A7F1A25F}.Debug|x86.Build.0 = Debug|x86
		{ECC99BFB-7E23-4570-A475-21D8A7F1A25F}.prod|Any CPU.ActiveCfg = Release|x86
		{ECC99BFB-7E23-4570-A475-21D8A7F1A25F}.prod|Any CPU.Build.0 = Release|x86
		{ECC99BFB-7E23-4570-A475-21D8A7F1A25F}.prod|x64.ActiveCfg = Release|x86
		{ECC99BFB-7E23-4570-A475-21D8A7F1A25F}.prod|x64.Build.0 = Release|x86
		{ECC99BFB-7E23-4570-A475-21D8A7F1A25F}.prod|x86.ActiveCfg = Release|x86
		{ECC99BFB-7E23-4570-A475-21D8A7F1A25F}.prod|x86.Build.0 = Release|x86
		{ECC99BFB-7E23-4570-A475-21D8A7F1A25F}.Release|Any CPU.ActiveCfg = Release|x86
		{ECC99BFB-7E23-4570-A475-21D8A7F1A25F}.Release|Any CPU.Build.0 = Release|x86
		{ECC99BFB-7E23-4570-A475-21D8A7F1A25F}.Release|x64.ActiveCfg = Release|x86
		{ECC99BFB-7E23-4570-A475-21D8A7F1A25F}.Release|x86.ActiveCfg = Release|x86
		{ECC99BFB-7E23-4570-A475-21D8A7F1A25F}.Release|x86.Build.0 = Release|x86
		{A8D88257-E59F-47C2-B856-C5391D2C2AA1}.Debug|Any CPU.ActiveCfg = Debug|x86
		{A8D88257-E59F-47C2-B856-C5391D2C2AA1}.Debug|x64.ActiveCfg = Debug|x86
		{A8D88257-E59F-47C2-B856-C5391D2C2AA1}.Debug|x86.ActiveCfg = Debug|x86
		{A8D88257-E59F-47C2-B856-C5391D2C2AA1}.Debug|x86.Build.0 = Debug|x86
		{A8D88257-E59F-47C2-B856-C5391D2C2AA1}.prod|Any CPU.ActiveCfg = Release|x86
		{A8D88257-E59F-47C2-B856-C5391D2C2AA1}.prod|Any CPU.Build.0 = Release|x86
		{A8D88257-E59F-47C2-B856-C5391D2C2AA1}.prod|x64.ActiveCfg = Release|x86
		{A8D88257-E59F-47C2-B856-C5391D2C2AA1}.prod|x64.Build.0 = Release|x86
		{A8D88257-E59F-47C2-B856-C5391D2C2AA1}.prod|x86.ActiveCfg = Release|x86
		{A8D88257-E59F-47C2-B856-C5391D2C2AA1}.prod|x86.Build.0 = Release|x86
		{A8D88257-E59F-47C2-B856-C5391D2C2AA1}.Release|Any CPU.ActiveCfg = Release|x86
		{A8D88257-E59F-47C2-B856-C5391D2C2AA1}.Release|Any CPU.Build.0 = Release|x86
		{A8D88257-E59F-47C2-B856-C5391D2C2AA1}.Release|x64.ActiveCfg = Release|x86
		{A8D88257-E59F-47C2-B856-C5391D2C2AA1}.Release|x86.ActiveCfg = Release|x86
		{A8D88257-E59F-47C2-B856-C5391D2C2AA1}.Release|x86.Build.0 = Release|x86
		{70EE3594-008A-404B-B5F6-FE6CD233577D}.Debug|Any CPU.ActiveCfg = Debug|Any CPU
		{70EE3594-008A-404B-B5F6-FE6CD233577D}.Debug|Any CPU.Build.0 = Debug|Any CPU
		{70EE3594-008A-404B-B5F6-FE6CD233577D}.Debug|x64.ActiveCfg = Debug|x64
		{70EE3594-008A-404B-B5F6-FE6CD233577D}.Debug|x64.Build.0 = Debug|x64
		{70EE3594-008A-404B-B5F6-FE6CD233577D}.Debug|x86.ActiveCfg = Debug|x86
		{70EE3594-008A-404B-B5F6-FE6CD233577D}.Debug|x86.Build.0 = Debug|x86
		{70EE3594-008A-404B-B5F6-FE6CD233577D}.prod|Any CPU.ActiveCfg = prod|Any CPU
		{70EE3594-008A-404B-B5F6-FE6CD233577D}.prod|Any CPU.Build.0 = prod|Any CPU
		{70EE3594-008A-404B-B5F6-FE6CD233577D}.prod|x64.ActiveCfg = prod|x64
		{70EE3594-008A-404B-B5F6-FE6CD233577D}.prod|x64.Build.0 = prod|x64
		{70EE3594-008A-404B-B5F6-FE6CD233577D}.prod|x86.ActiveCfg = Release|x86
		{70EE3594-008A-404B-B5F6-FE6CD233577D}.prod|x86.Build.0 = Release|x86
		{70EE3594-008A-404B-B5F6-FE6CD233577D}.Release|Any CPU.ActiveCfg = Release|Any CPU
		{70EE3594-008A-404B-B5F6-FE6CD233577D}.Release|Any CPU.Build.0 = Release|Any CPU
		{70EE3594-008A-404B-B5F6-FE6CD233577D}.Release|x64.ActiveCfg = Release|x64
		{70EE3594-008A-404B-B5F6-FE6CD233577D}.Release|x64.Build.0 = Release|x64
		{70EE3594-008A-404B-B5F6-FE6CD233577D}.Release|x86.ActiveCfg = Release|x86
		{70EE3594-008A-404B-B5F6-FE6CD233577D}.Release|x86.Build.0 = Release|x86
		{7D745E98-5A8F-4FC3-92DE-B26A49120C50}.Debug|Any CPU.ActiveCfg = Debug|Any CPU
		{7D745E98-5A8F-4FC3-92DE-B26A49120C50}.Debug|Any CPU.Build.0 = Debug|Any CPU
		{7D745E98-5A8F-4FC3-92DE-B26A49120C50}.Debug|x64.ActiveCfg = Debug|Any CPU
		{7D745E98-5A8F-4FC3-92DE-B26A49120C50}.Debug|x64.Build.0 = Debug|Any CPU
		{7D745E98-5A8F-4FC3-92DE-B26A49120C50}.Debug|x86.ActiveCfg = Debug|x86
		{7D745E98-5A8F-4FC3-92DE-B26A49120C50}.Debug|x86.Build.0 = Debug|x86
		{7D745E98-5A8F-4FC3-92DE-B26A49120C50}.prod|Any CPU.ActiveCfg = Release|Any CPU
		{7D745E98-5A8F-4FC3-92DE-B26A49120C50}.prod|Any CPU.Build.0 = Release|Any CPU
		{7D745E98-5A8F-4FC3-92DE-B26A49120C50}.prod|x64.ActiveCfg = Release|Any CPU
		{7D745E98-5A8F-4FC3-92DE-B26A49120C50}.prod|x64.Build.0 = Release|Any CPU
		{7D745E98-5A8F-4FC3-92DE-B26A49120C50}.prod|x86.ActiveCfg = Release|x86
		{7D745E98-5A8F-4FC3-92DE-B26A49120C50}.prod|x86.Build.0 = Release|x86
		{7D745E98-5A8F-4FC3-92DE-B26A49120C50}.Release|Any CPU.ActiveCfg = Release|Any CPU
		{7D745E98-5A8F-4FC3-92DE-B26A49120C50}.Release|Any CPU.Build.0 = Release|Any CPU
		{7D745E98-5A8F-4FC3-92DE-B26A49120C50}.Release|x64.ActiveCfg = Release|Any CPU
		{7D745E98-5A8F-4FC3-92DE-B26A49120C50}.Release|x64.Build.0 = Release|Any CPU
		{7D745E98-5A8F-4FC3-92DE-B26A49120C50}.Release|x86.ActiveCfg = Release|x86
		{7D745E98-5A8F-4FC3-92DE-B26A49120C50}.Release|x86.Build.0 = Release|x86
		{2ED6F522-EA68-4B66-AA84-AF6FE44213F1}.Debug|Any CPU.ActiveCfg = Debug|x86
		{2ED6F522-EA68-4B66-AA84-AF6FE44213F1}.Debug|x64.ActiveCfg = Debug|x86
		{2ED6F522-EA68-4B66-AA84-AF6FE44213F1}.Debug|x86.ActiveCfg = Debug|x86
		{2ED6F522-EA68-4B66-AA84-AF6FE44213F1}.Debug|x86.Build.0 = Debug|x86
		{2ED6F522-EA68-4B66-AA84-AF6FE44213F1}.prod|Any CPU.ActiveCfg = Release|x86
		{2ED6F522-EA68-4B66-AA84-AF6FE44213F1}.prod|Any CPU.Build.0 = Release|x86
		{2ED6F522-EA68-4B66-AA84-AF6FE44213F1}.prod|x64.ActiveCfg = Release|x86
		{2ED6F522-EA68-4B66-AA84-AF6FE44213F1}.prod|x64.Build.0 = Release|x86
		{2ED6F522-EA68-4B66-AA84-AF6FE44213F1}.prod|x86.ActiveCfg = Release|x86
		{2ED6F522-EA68-4B66-AA84-AF6FE44213F1}.prod|x86.Build.0 = Release|x86
		{2ED6F522-EA68-4B66-AA84-AF6FE44213F1}.Release|Any CPU.ActiveCfg = Release|x86
		{2ED6F522-EA68-4B66-AA84-AF6FE44213F1}.Release|Any CPU.Build.0 = Release|x86
		{2ED6F522-EA68-4B66-AA84-AF6FE44213F1}.Release|x64.ActiveCfg = Release|x86
		{2ED6F522-EA68-4B66-AA84-AF6FE44213F1}.Release|x86.ActiveCfg = Release|x86
		{2ED6F522-EA68-4B66-AA84-AF6FE44213F1}.Release|x86.Build.0 = Release|x86
		{951D9438-9E64-4CA7-B793-033DC536B9B6}.Debug|Any CPU.ActiveCfg = Debug|Any CPU
		{951D9438-9E64-4CA7-B793-033DC536B9B6}.Debug|Any CPU.Build.0 = Debug|Any CPU
		{951D9438-9E64-4CA7-B793-033DC536B9B6}.Debug|x64.ActiveCfg = Debug|Any CPU
		{951D9438-9E64-4CA7-B793-033DC536B9B6}.Debug|x64.Build.0 = Debug|Any CPU
		{951D9438-9E64-4CA7-B793-033DC536B9B6}.Debug|x86.ActiveCfg = Debug|x86
		{951D9438-9E64-4CA7-B793-033DC536B9B6}.Debug|x86.Build.0 = Debug|x86
		{951D9438-9E64-4CA7-B793-033DC536B9B6}.prod|Any CPU.ActiveCfg = Release|Any CPU
		{951D9438-9E64-4CA7-B793-033DC536B9B6}.prod|Any CPU.Build.0 = Release|Any CPU
		{951D9438-9E64-4CA7-B793-033DC536B9B6}.prod|x64.ActiveCfg = Release|Any CPU
		{951D9438-9E64-4CA7-B793-033DC536B9B6}.prod|x64.Build.0 = Release|Any CPU
		{951D9438-9E64-4CA7-B793-033DC536B9B6}.prod|x86.ActiveCfg = Release|x86
		{951D9438-9E64-4CA7-B793-033DC536B9B6}.prod|x86.Build.0 = Release|x86
		{951D9438-9E64-4CA7-B793-033DC536B9B6}.Release|Any CPU.ActiveCfg = Release|Any CPU
		{951D9438-9E64-4CA7-B793-033DC536B9B6}.Release|Any CPU.Build.0 = Release|Any CPU
		{951D9438-9E64-4CA7-B793-033DC536B9B6}.Release|x64.ActiveCfg = Release|Any CPU
		{951D9438-9E64-4CA7-B793-033DC536B9B6}.Release|x64.Build.0 = Release|Any CPU
		{951D9438-9E64-4CA7-B793-033DC536B9B6}.Release|x86.ActiveCfg = Release|x86
		{951D9438-9E64-4CA7-B793-033DC536B9B6}.Release|x86.Build.0 = Release|x86
		{7CA4B7D8-ECAE-48D7-936D-1E896A85AC71}.Debug|Any CPU.ActiveCfg = Debug|Any CPU
		{7CA4B7D8-ECAE-48D7-936D-1E896A85AC71}.Debug|Any CPU.Build.0 = Debug|Any CPU
		{7CA4B7D8-ECAE-48D7-936D-1E896A85AC71}.Debug|x64.ActiveCfg = Debug|Any CPU
		{7CA4B7D8-ECAE-48D7-936D-1E896A85AC71}.Debug|x64.Build.0 = Debug|Any CPU
		{7CA4B7D8-ECAE-48D7-936D-1E896A85AC71}.Debug|x86.ActiveCfg = Debug|Any CPU
		{7CA4B7D8-ECAE-48D7-936D-1E896A85AC71}.Debug|x86.Build.0 = Debug|Any CPU
		{7CA4B7D8-ECAE-48D7-936D-1E896A85AC71}.prod|Any CPU.ActiveCfg = Release|Any CPU
		{7CA4B7D8-ECAE-48D7-936D-1E896A85AC71}.prod|Any CPU.Build.0 = Release|Any CPU
		{7CA4B7D8-ECAE-48D7-936D-1E896A85AC71}.prod|x64.ActiveCfg = Release|Any CPU
		{7CA4B7D8-ECAE-48D7-936D-1E896A85AC71}.prod|x64.Build.0 = Release|Any CPU
		{7CA4B7D8-ECAE-48D7-936D-1E896A85AC71}.prod|x86.ActiveCfg = Release|Any CPU
		{7CA4B7D8-ECAE-48D7-936D-1E896A85AC71}.prod|x86.Build.0 = Release|Any CPU
		{7CA4B7D8-ECAE-48D7-936D-1E896A85AC71}.Release|Any CPU.ActiveCfg = Release|Any CPU
		{7CA4B7D8-ECAE-48D7-936D-1E896A85AC71}.Release|Any CPU.Build.0 = Release|Any CPU
		{7CA4B7D8-ECAE-48D7-936D-1E896A85AC71}.Release|x64.ActiveCfg = Release|Any CPU
		{7CA4B7D8-ECAE-48D7-936D-1E896A85AC71}.Release|x64.Build.0 = Release|Any CPU
		{7CA4B7D8-ECAE-48D7-936D-1E896A85AC71}.Release|x86.ActiveCfg = Release|x86
		{7CA4B7D8-ECAE-48D7-936D-1E896A85AC71}.Release|x86.Build.0 = Release|x86
		{F08FF558-02AA-46A0-BC16-8636F94FB160}.Debug|Any CPU.ActiveCfg = Debug|x86
		{F08FF558-02AA-46A0-BC16-8636F94FB160}.Debug|x64.ActiveCfg = Debug|x86
		{F08FF558-02AA-46A0-BC16-8636F94FB160}.Debug|x86.ActiveCfg = Debug|x86
		{F08FF558-02AA-46A0-BC16-8636F94FB160}.Debug|x86.Build.0 = Debug|x86
		{F08FF558-02AA-46A0-BC16-8636F94FB160}.prod|Any CPU.ActiveCfg = Release|x86
		{F08FF558-02AA-46A0-BC16-8636F94FB160}.prod|Any CPU.Build.0 = Release|x86
		{F08FF558-02AA-46A0-BC16-8636F94FB160}.prod|x64.ActiveCfg = Release|x86
		{F08FF558-02AA-46A0-BC16-8636F94FB160}.prod|x64.Build.0 = Release|x86
		{F08FF558-02AA-46A0-BC16-8636F94FB160}.prod|x86.ActiveCfg = Release|x86
		{F08FF558-02AA-46A0-BC16-8636F94FB160}.prod|x86.Build.0 = Release|x86
		{F08FF558-02AA-46A0-BC16-8636F94FB160}.Release|Any CPU.ActiveCfg = Release|x86
		{F08FF558-02AA-46A0-BC16-8636F94FB160}.Release|Any CPU.Build.0 = Release|x86
		{F08FF558-02AA-46A0-BC16-8636F94FB160}.Release|x64.ActiveCfg = Release|x86
		{F08FF558-02AA-46A0-BC16-8636F94FB160}.Release|x86.ActiveCfg = Release|x86
		{F08FF558-02AA-46A0-BC16-8636F94FB160}.Release|x86.Build.0 = Release|x86
	EndGlobalSection
	GlobalSection(SolutionProperties) = preSolution
		HideSolutionNode = FALSE
	EndGlobalSection
	GlobalSection(NestedProjects) = preSolution
		{74C9B977-A729-47D0-8E18-5D00B3B6B553} = {806BAFF0-AE16-40B8-A7B0-A0D32FB28F3A}
		{E8B06327-7335-4D9D-93A7-7B95C0D35979} = {806BAFF0-AE16-40B8-A7B0-A0D32FB28F3A}
		{C79A21BF-E869-4B93-A787-67B1D4231C02} = {56B02A53-BB89-464B-860B-B9FF6DAD954A}
		{A7FE7211-8D01-49D4-88E5-16C0A9ABF9B5} = {FCE1602F-8543-4346-95FA-B09BEFEA4A52}
		{5C1C1DE2-3507-4557-8B83-1321646FCF9D} = {4D80AA04-4672-4DA4-9D1B-E109D6FB8D6F}
		{997F9589-52D3-4124-8319-CB47E5BD8F55} = {FCE1602F-8543-4346-95FA-B09BEFEA4A52}
		{F09AD7EE-BEAF-41C8-B349-5F16784F2A3B} = {9E14990B-F866-4335-9A00-F5B09EDF7F02}
		{82226B60-AF9B-432B-AA43-EA4DE7628D85} = {9E14990B-F866-4335-9A00-F5B09EDF7F02}
		{4DB505DA-2C8F-4589-8465-4A957F13AD3E} = {9BF8DFDD-AA43-4544-B203-F61C587B8C37}
		{ECC99BFB-7E23-4570-A475-21D8A7F1A25F} = {9E14990B-F866-4335-9A00-F5B09EDF7F02}
		{A8D88257-E59F-47C2-B856-C5391D2C2AA1} = {9E14990B-F866-4335-9A00-F5B09EDF7F02}
		{70EE3594-008A-404B-B5F6-FE6CD233577D} = {FCE1602F-8543-4346-95FA-B09BEFEA4A52}
		{7D745E98-5A8F-4FC3-92DE-B26A49120C50} = {FCE1602F-8543-4346-95FA-B09BEFEA4A52}
		{2ED6F522-EA68-4B66-AA84-AF6FE44213F1} = {9E14990B-F866-4335-9A00-F5B09EDF7F02}
		{951D9438-9E64-4CA7-B793-033DC536B9B6} = {56B02A53-BB89-464B-860B-B9FF6DAD954A}
		{7CA4B7D8-ECAE-48D7-936D-1E896A85AC71} = {06573B22-9A51-4018-8CAE-B410E06994B8}
		{F08FF558-02AA-46A0-BC16-8636F94FB160} = {9E14990B-F866-4335-9A00-F5B09EDF7F02}
	EndGlobalSection
	GlobalSection(ExtensibilityGlobals) = postSolution
		SolutionGuid = {5E50D140-3DE2-43ED-888A-EABE79C0A9B1}
	EndGlobalSection
EndGlobal
